
Microsoft Visual Studio Solution File, Format Version 12.00
# Visual Studio Version 17
VisualStudioVersion = 17.8.34601.278
MinimumVisualStudioVersion = 10.0.40219.1
Project("{FAE04EC0-301F-11D3-BF4B-00C04F79EFBC}") = "BinanceTikerPrice", "BinanceTikerPrice\BinanceTikerPrice.csproj", "{D8AAFA8E-EDA2-48B2-8C4C-E2AF999A9522}"
EndProject
Global
	GlobalSection(SolutionConfigurationPlatforms) = preSolution
		Debug|Any CPU = Debug|Any CPU
		Release|Any CPU = Release|Any CPU
	EndGlobalSection
	GlobalSection(ProjectConfigurationPlatforms) = postSolution
		{D8AAFA8E-EDA2-48B2-8C4C-E2AF999A9522}.Debug|Any CPU.ActiveCfg = Debug|Any CPU
		{D8AAFA8E-EDA2-48B2-8C4C-E2AF999A9522}.Debug|Any CPU.Build.0 = Debug|Any CPU
		{D8AAFA8E-EDA2-48B2-8C4C-E2AF999A9522}.Release|Any CPU.ActiveCfg = Release|Any CPU
		{D8AAFA8E-EDA2-48B2-8C4C-E2AF999A9522}.Release|Any CPU.Build.0 = Release|Any CPU
	EndGlobalSection
	GlobalSection(SolutionProperties) = preSolution
		HideSolutionNode = FALSE
	EndGlobalSection
	GlobalSection(ExtensibilityGlobals) = postSolution
		SolutionGuid = {A85456E4-6282-4715-808E-7A9297CCE7D5}
	EndGlobalSection
EndGlobal
